PODS:
  - Flutter (1.0.0)
  - pedometer (0.0.1):
    - Flutter

DEPENDENCIES:
  - Flutter (from `Flutter`)
  - pedometer (from `.symlinks/plugins/pedometer/ios`)

EXTERNAL SOURCES:
  Flutter:
    :path: Flutter
  pedometer:
    :path: ".symlinks/plugins/pedometer/ios"

SPEC CHECKSUMS:
  Flutter: 434fef37c0980e73bb6479ef766c45957d4b510c
  pedometer: 381969883680ade42559782cc41a3bbd453d8234

PODFILE CHECKSUM: de2120689bd64c50778c43ebcd6de450aa1587e0

COCOAPODS: 1.10.1
